
Microsoft Visual Studio Solution File, Format Version 12.00
# Visual Studio 15
VisualStudioVersion = 15.0.26124.0
MinimumVisualStudioVersion = 15.0.26124.0
Project("{2150E333-8FDC-42A3-9474-1A3956D46DE8}") = "src", "src", "{597333DF-BE03-4FB0-9855-B16EB6C87DAF}"
EndProject
Project("{F2A71F9B-5D33-465A-A702-920D77279786}") = "FSharp.Core.Fluent", "src\FSharp.Core.Fluent\FSharp.Core.Fluent.fsproj", "{ABFCB006-9149-4428-8A66-8F508681F9CF}"
EndProject
Project("{2150E333-8FDC-42A3-9474-1A3956D46DE8}") = "tests", "tests", "{D0A3B8C5-8749-4709-80BF-AC2773C96C55}"
EndProject
Project("{F2A71F9B-5D33-465A-A702-920D77279786}") = "FSharp.Core.Fluent.Tests", "tests\FSharp.Core.Fluent.Tests\FSharp.Core.Fluent.Tests.fsproj", "{283141FC-DE1A-47EE-80F0-B65DD48B23FE}"
EndProject
Global
	GlobalSection(SolutionConfigurationPlatforms) = preSolution
		Debug|Any CPU = Debug|Any CPU
		Debug|x64 = Debug|x64
		Debug|x86 = Debug|x86
		Release|Any CPU = Release|Any CPU
		Release|x64 = Release|x64
		Release|x86 = Release|x86
	EndGlobalSection
	GlobalSection(SolutionProperties) = preSolution
		HideSolutionNode = FALSE
	EndGlobalSection
	GlobalSection(ProjectConfigurationPlatforms) = postSolution
		{ABFCB006-9149-4428-8A66-8F508681F9CF}.Debug|Any CPU.ActiveCfg = Debug|Any CPU
		{ABFCB006-9149-4428-8A66-8F508681F9CF}.Debug|Any CPU.Build.0 = Debug|Any CPU
		{ABFCB006-9149-4428-8A66-8F508681F9CF}.Debug|x64.ActiveCfg = Debug|Any CPU
		{ABFCB006-9149-4428-8A66-8F508681F9CF}.Debug|x64.Build.0 = Debug|Any CPU
		{ABFCB006-9149-4428-8A66-8F508681F9CF}.Debug|x86.ActiveCfg = Debug|Any CPU
		{ABFCB006-9149-4428-8A66-8F508681F9CF}.Debug|x86.Build.0 = Debug|Any CPU
		{ABFCB006-9149-4428-8A66-8F508681F9CF}.Release|Any CPU.ActiveCfg = Release|Any CPU
		{ABFCB006-9149-4428-8A66-8F508681F9CF}.Release|Any CPU.Build.0 = Release|Any CPU
		{ABFCB006-9149-4428-8A66-8F508681F9CF}.Release|x64.ActiveCfg = Release|Any CPU
		{ABFCB006-9149-4428-8A66-8F508681F9CF}.Release|x64.Build.0 = Release|Any CPU
		{ABFCB006-9149-4428-8A66-8F508681F9CF}.Release|x86.ActiveCfg = Release|Any CPU
		{ABFCB006-9149-4428-8A66-8F508681F9CF}.Release|x86.Build.0 = Release|Any CPU
		{283141FC-DE1A-47EE-80F0-B65DD48B23FE}.Debug|Any CPU.ActiveCfg = Debug|Any CPU
		{283141FC-DE1A-47EE-80F0-B65DD48B23FE}.Debug|Any CPU.Build.0 = Debug|Any CPU
		{283141FC-DE1A-47EE-80F0-B65DD48B23FE}.Debug|x64.ActiveCfg = Debug|Any CPU
		{283141FC-DE1A-47EE-80F0-B65DD48B23FE}.Debug|x64.Build.0 = Debug|Any CPU
		{283141FC-DE1A-47EE-80F0-B65DD48B23FE}.Debug|x86.ActiveCfg = Debug|Any CPU
		{283141FC-DE1A-47EE-80F0-B65DD48B23FE}.Debug|x86.Build.0 = Debug|Any CPU
		{283141FC-DE1A-47EE-80F0-B65DD48B23FE}.Release|Any CPU.ActiveCfg = Release|Any CPU
		{283141FC-DE1A-47EE-80F0-B65DD48B23FE}.Release|Any CPU.Build.0 = Release|Any CPU
		{283141FC-DE1A-47EE-80F0-B65DD48B23FE}.Release|x64.ActiveCfg = Release|Any CPU
		{283141FC-DE1A-47EE-80F0-B65DD48B23FE}.Release|x64.Build.0 = Release|Any CPU
		{283141FC-DE1A-47EE-80F0-B65DD48B23FE}.Release|x86.ActiveCfg = Release|Any CPU
		{283141FC-DE1A-47EE-80F0-B65DD48B23FE}.Release|x86.Build.0 = Release|Any CPU
	EndGlobalSection
	GlobalSection(NestedProjects) = preSolution
		{ABFCB006-9149-4428-8A66-8F508681F9CF} = {597333DF-BE03-4FB0-9855-B16EB6C87DAF}
		{283141FC-DE1A-47EE-80F0-B65DD48B23FE} = {D0A3B8C5-8749-4709-80BF-AC2773C96C55}
	EndGlobalSection
EndGlobal
